
Microsoft Visual Studio Solution File, Format Version 12.00
# Visual Studio Version 16
VisualStudioVersion = 16.0.29613.14
MinimumVisualStudioVersion = 10.0.40219.1
Project("{FAE04EC0-301F-11D3-BF4B-00C04F79EFBC}") = "CoonsoleAlgorithms", "CoonsoleAlgorithms\CoonsoleAlgorithms.csproj", "{ED6BCB2D-C290-401E-ACC3-99D87A8274F6}"
EndProject
Project("{FAE04EC0-301F-11D3-BF4B-00C04F79EFBC}") = "CitiesAPI", "CitiesAPI\CitiesAPI.csproj", "{75E7C206-7D79-4C94-BD32-1A9AECADD9E2}"
EndProject
Global
	GlobalSection(SolutionConfigurationPlatforms) = preSolution
		Debug|Any CPU = Debug|Any CPU
		Release|Any CPU = Release|Any CPU
	EndGlobalSection
	GlobalSection(ProjectConfigurationPlatforms) = postSolution
		{ED6BCB2D-C290-401E-ACC3-99D87A8274F6}.Debug|Any CPU.ActiveCfg = Debug|Any CPU
		{ED6BCB2D-C290-401E-ACC3-99D87A8274F6}.Debug|Any CPU.Build.0 = Debug|Any CPU
		{ED6BCB2D-C290-401E-ACC3-99D87A8274F6}.Release|Any CPU.ActiveCfg = Release|Any CPU
		{ED6BCB2D-C290-401E-ACC3-99D87A8274F6}.Release|Any CPU.Build.0 = Release|Any CPU
		{75E7C206-7D79-4C94-BD32-1A9AECADD9E2}.Debug|Any CPU.ActiveCfg = Debug|Any CPU
		{75E7C206-7D79-4C94-BD32-1A9AECADD9E2}.Debug|Any CPU.Build.0 = Debug|Any CPU
		{75E7C206-7D79-4C94-BD32-1A9AECADD9E2}.Release|Any CPU.ActiveCfg = Release|Any CPU
		{75E7C206-7D79-4C94-BD32-1A9AECADD9E2}.Release|Any CPU.Build.0 = Release|Any CPU
	EndGlobalSection
	GlobalSection(SolutionProperties) = preSolution
		HideSolutionNode = FALSE
	EndGlobalSection
	GlobalSection(ExtensibilityGlobals) = postSolution
		SolutionGuid = {A36BBAC5-8268-4C1A-BD7E-0811F53363B1}
	EndGlobalSection
EndGlobal
